// !$*UTF8*$!
{
	archiveVersion = 1;
	classes = {
	};
	objectVersion = 46;
	objects = {

/* Begin PBXBuildFile section */
		2404094A1F47288C00FC2AD4 /* Objc Translator Tests.swift in Sources */ = {isa = PBXBuildFile; fileRef = 240409471F47288C00FC2AD4 /* Objc Translator Tests.swift */; };
		2432957D1F46238D00478218 /* AntlrLexerTests.swift in Sources */ = {isa = PBXBuildFile; fileRef = 243295701F46238D00478218 /* AntlrLexerTests.swift */; };
		2432957E1F46238D00478218 /* TestComments in Resources */ = {isa = PBXBuildFile; fileRef = 243295711F46238D00478218 /* TestComments */; };
		2432957F1F46238D00478218 /* TestIDs in Resources */ = {isa = PBXBuildFile; fileRef = 243295721F46238D00478218 /* TestIDs */; };
		243295801F46238D00478218 /* TestNewlines in Resources */ = {isa = PBXBuildFile; fileRef = 243295731F46238D00478218 /* TestNewlines */; };
		243295811F46238D00478218 /* TestTypes in Resources */ = {isa = PBXBuildFile; fileRef = 243295741F46238D00478218 /* TestTypes */; };
		243295821F46238D00478218 /* AntlrParserTests.swift in Sources */ = {isa = PBXBuildFile; fileRef = 243295761F46238D00478218 /* AntlrParserTests.swift */; };
		243295831F46238D00478218 /* TestAssignments in Resources */ = {isa = PBXBuildFile; fileRef = 243295771F46238D00478218 /* TestAssignments */; };
		243295841F46238D00478218 /* TestExpressions in Resources */ = {isa = PBXBuildFile; fileRef = 243295781F46238D00478218 /* TestExpressions */; };
		243295851F46238D00478218 /* TestFunctionDeclarations in Resources */ = {isa = PBXBuildFile; fileRef = 243295791F46238D00478218 /* TestFunctionDeclarations */; };
		243295861F46238D00478218 /* TestStatementLists in Resources */ = {isa = PBXBuildFile; fileRef = 2432957A1F46238D00478218 /* TestStatementLists */; };
		243295871F46238D00478218 /* TestStatementListsWithNewline in Resources */ = {isa = PBXBuildFile; fileRef = 2432957B1F46238D00478218 /* TestStatementListsWithNewline */; };
		243295881F46238D00478218 /* TestVariableDeclarations in Resources */ = {isa = PBXBuildFile; fileRef = 2432957C1F46238D00478218 /* TestVariableDeclarations */; };
		246BCC051F19567E004BE84C /* JokrBaseListener.swift in Sources */ = {isa = PBXBuildFile; fileRef = 246BCBF61F19567E004BE84C /* JokrBaseListener.swift */; };
		246BCC061F19567E004BE84C /* JokrBaseListener.swift in Sources */ = {isa = PBXBuildFile; fileRef = 246BCBF61F19567E004BE84C /* JokrBaseListener.swift */; };
		246BCC071F19567E004BE84C /* JokrLexer.swift in Sources */ = {isa = PBXBuildFile; fileRef = 246BCBF71F19567E004BE84C /* JokrLexer.swift */; };
		246BCC081F19567E004BE84C /* JokrLexer.swift in Sources */ = {isa = PBXBuildFile; fileRef = 246BCBF71F19567E004BE84C /* JokrLexer.swift */; };
		246BCC0A1F19567E004BE84C /* JokrLexerATN.swift in Sources */ = {isa = PBXBuildFile; fileRef = 246BCBF91F19567E004BE84C /* JokrLexerATN.swift */; };
		246BCC0B1F19567E004BE84C /* JokrLexerATN.swift in Sources */ = {isa = PBXBuildFile; fileRef = 246BCBF91F19567E004BE84C /* JokrLexerATN.swift */; };
		246BCC0C1F19567E004BE84C /* JokrListener.swift in Sources */ = {isa = PBXBuildFile; fileRef = 246BCBFA1F19567E004BE84C /* JokrListener.swift */; };
		246BCC0D1F19567E004BE84C /* JokrListener.swift in Sources */ = {isa = PBXBuildFile; fileRef = 246BCBFA1F19567E004BE84C /* JokrListener.swift */; };
		246BCC0E1F19567E004BE84C /* JokrParser.swift in Sources */ = {isa = PBXBuildFile; fileRef = 246BCBFB1F19567E004BE84C /* JokrParser.swift */; };
		246BCC0F1F19567E004BE84C /* JokrParser.swift in Sources */ = {isa = PBXBuildFile; fileRef = 246BCBFB1F19567E004BE84C /* JokrParser.swift */; };
		246BCC101F19567E004BE84C /* JokrParserATN.swift in Sources */ = {isa = PBXBuildFile; fileRef = 246BCBFC1F19567E004BE84C /* JokrParserATN.swift */; };
		246BCC111F19567E004BE84C /* JokrParserATN.swift in Sources */ = {isa = PBXBuildFile; fileRef = 246BCBFC1F19567E004BE84C /* JokrParserATN.swift */; };
		246BCC191F19567E004BE84C /* main.swift in Sources */ = {isa = PBXBuildFile; fileRef = 246BCC011F19567E004BE84C /* main.swift */; };
		248F36501F36610200BCAF0A /* ExtensionsTests.swift in Sources */ = {isa = PBXBuildFile; fileRef = 248F364F1F36610200BCAF0A /* ExtensionsTests.swift */; };
		24A4146A1F0F29450075993D /* libAntlr4.dylib in Frameworks */ = {isa = PBXBuildFile; fileRef = 24A414681F0F29450075993D /* libAntlr4.dylib */; };
		24ABAA371F3CA7EB005E22EF /* JKRUtilities.swift in Sources */ = {isa = PBXBuildFile; fileRef = 24ABAA361F3CA7EB005E22EF /* JKRUtilities.swift */; };
		24ABAA381F3CA7EB005E22EF /* JKRUtilities.swift in Sources */ = {isa = PBXBuildFile; fileRef = 24ABAA361F3CA7EB005E22EF /* JKRUtilities.swift */; };
		24B5F5231F17B8480045FF6A /* libAntlr4.dylib in Frameworks */ = {isa = PBXBuildFile; fileRef = 24A414681F0F29450075993D /* libAntlr4.dylib */; };
		24C037601F4A0DFD00C88FCF /* JavaAcceptanceTests.swift in Sources */ = {isa = PBXBuildFile; fileRef = 24C037551F4A0DFD00C88FCF /* JavaAcceptanceTests.swift */; };
		24C037641F4A0DFD00C88FCF /* ObjCAcceptanceTests.swift in Sources */ = {isa = PBXBuildFile; fileRef = 24C0375B1F4A0DFD00C88FCF /* ObjCAcceptanceTests.swift */; };
		24C65CD11F3B838600FCFFF2 /* AntlrToJKR.swift in Sources */ = {isa = PBXBuildFile; fileRef = 24C65CC01F3B838600FCFFF2 /* AntlrToJKR.swift */; };
		24C65CD21F3B838600FCFFF2 /* AntlrToJKR.swift in Sources */ = {isa = PBXBuildFile; fileRef = 24C65CC01F3B838600FCFFF2 /* AntlrToJKR.swift */; };
		24C65CD31F3B838600FCFFF2 /* JKRAntlrParser.swift in Sources */ = {isa = PBXBuildFile; fileRef = 24C65CC11F3B838600FCFFF2 /* JKRAntlrParser.swift */; };
		24C65CD41F3B838600FCFFF2 /* JKRAntlrParser.swift in Sources */ = {isa = PBXBuildFile; fileRef = 24C65CC11F3B838600FCFFF2 /* JKRAntlrParser.swift */; };
		24C65CD51F3B838600FCFFF2 /* JKRCompiler.swift in Sources */ = {isa = PBXBuildFile; fileRef = 24C65CC31F3B838600FCFFF2 /* JKRCompiler.swift */; };
		24C65CD61F3B838600FCFFF2 /* JKRCompiler.swift in Sources */ = {isa = PBXBuildFile; fileRef = 24C65CC31F3B838600FCFFF2 /* JKRCompiler.swift */; };
		24C65CD71F3B838600FCFFF2 /* JKRJavaCompiler.swift in Sources */ = {isa = PBXBuildFile; fileRef = 24C65CC41F3B838600FCFFF2 /* JKRJavaCompiler.swift */; };
		24C65CD81F3B838600FCFFF2 /* JKRJavaCompiler.swift in Sources */ = {isa = PBXBuildFile; fileRef = 24C65CC41F3B838600FCFFF2 /* JKRJavaCompiler.swift */; };
		24C65CD91F3B838600FCFFF2 /* JKRObjcCompiler.swift in Sources */ = {isa = PBXBuildFile; fileRef = 24C65CC51F3B838600FCFFF2 /* JKRObjcCompiler.swift */; };
		24C65CDA1F3B838600FCFFF2 /* JKRObjcCompiler.swift in Sources */ = {isa = PBXBuildFile; fileRef = 24C65CC51F3B838600FCFFF2 /* JKRObjcCompiler.swift */; };
		24C65CDB1F3B838600FCFFF2 /* Extensions.swift in Sources */ = {isa = PBXBuildFile; fileRef = 24C65CC71F3B838600FCFFF2 /* Extensions.swift */; };
		24C65CDC1F3B838600FCFFF2 /* Extensions.swift in Sources */ = {isa = PBXBuildFile; fileRef = 24C65CC71F3B838600FCFFF2 /* Extensions.swift */; };
		24C65CDD1F3B838600FCFFF2 /* FunctionListener.swift in Sources */ = {isa = PBXBuildFile; fileRef = 24C65CC81F3B838600FCFFF2 /* FunctionListener.swift */; };
		24C65CDE1F3B838600FCFFF2 /* FunctionListener.swift in Sources */ = {isa = PBXBuildFile; fileRef = 24C65CC81F3B838600FCFFF2 /* FunctionListener.swift */; };
		24C65CDF1F3B838600FCFFF2 /* Shell.swift in Sources */ = {isa = PBXBuildFile; fileRef = 24C65CC91F3B838600FCFFF2 /* Shell.swift */; };
		24C65CE01F3B838600FCFFF2 /* Shell.swift in Sources */ = {isa = PBXBuildFile; fileRef = 24C65CC91F3B838600FCFFF2 /* Shell.swift */; };
		24C65CE11F3B838600FCFFF2 /* JKRAST.swift in Sources */ = {isa = PBXBuildFile; fileRef = 24C65CCA1F3B838600FCFFF2 /* JKRAST.swift */; };
		24C65CE21F3B838600FCFFF2 /* JKRAST.swift in Sources */ = {isa = PBXBuildFile; fileRef = 24C65CCA1F3B838600FCFFF2 /* JKRAST.swift */; };
		24C65CE31F3B838600FCFFF2 /* JKRDriver.swift in Sources */ = {isa = PBXBuildFile; fileRef = 24C65CCB1F3B838600FCFFF2 /* JKRDriver.swift */; };
		24C65CE41F3B838600FCFFF2 /* JKRDriver.swift in Sources */ = {isa = PBXBuildFile; fileRef = 24C65CCB1F3B838600FCFFF2 /* JKRDriver.swift */; };
		24C65CE51F3B838600FCFFF2 /* JKRParser.swift in Sources */ = {isa = PBXBuildFile; fileRef = 24C65CCC1F3B838600FCFFF2 /* JKRParser.swift */; };
		24C65CE61F3B838600FCFFF2 /* JKRParser.swift in Sources */ = {isa = PBXBuildFile; fileRef = 24C65CCC1F3B838600FCFFF2 /* JKRParser.swift */; };
		24C65CE71F3B838600FCFFF2 /* JKRJavaTranslator.swift in Sources */ = {isa = PBXBuildFile; fileRef = 24C65CCE1F3B838600FCFFF2 /* JKRJavaTranslator.swift */; };
		24C65CE81F3B838600FCFFF2 /* JKRJavaTranslator.swift in Sources */ = {isa = PBXBuildFile; fileRef = 24C65CCE1F3B838600FCFFF2 /* JKRJavaTranslator.swift */; };
		24C65CE91F3B838600FCFFF2 /* JKRObjcTranslator.swift in Sources */ = {isa = PBXBuildFile; fileRef = 24C65CCF1F3B838600FCFFF2 /* JKRObjcTranslator.swift */; };
		24C65CEA1F3B838600FCFFF2 /* JKRObjcTranslator.swift in Sources */ = {isa = PBXBuildFile; fileRef = 24C65CCF1F3B838600FCFFF2 /* JKRObjcTranslator.swift */; };
		24C65CEB1F3B838600FCFFF2 /* JKRWriter.swift in Sources */ = {isa = PBXBuildFile; fileRef = 24C65CD01F3B838600FCFFF2 /* JKRWriter.swift */; };
		24C65CEC1F3B838600FCFFF2 /* JKRWriter.swift in Sources */ = {isa = PBXBuildFile; fileRef = 24C65CD01F3B838600FCFFF2 /* JKRWriter.swift */; };
		24C65CEE1F3B84B400FCFFF2 /* JKRTranslator.swift in Sources */ = {isa = PBXBuildFile; fileRef = 24C65CED1F3B84B400FCFFF2 /* JKRTranslator.swift */; };
		24C65CEF1F3B84B400FCFFF2 /* JKRTranslator.swift in Sources */ = {isa = PBXBuildFile; fileRef = 24C65CED1F3B84B400FCFFF2 /* JKRTranslator.swift */; };
		24D61E981F6B15EB00401646 /* JKRParserTests.swift in Sources */ = {isa = PBXBuildFile; fileRef = 24D61E941F6B15DF00401646 /* JKRParserTests.swift */; };
		24D61EB01F6B160200401646 /* AntlrToJokrTests.swift in Sources */ = {isa = PBXBuildFile; fileRef = 24D61EA11F6B15F900401646 /* AntlrToJokrTests.swift */; };
		24D61EB11F6B160700401646 /* ASTTests.swift in Sources */ = {isa = PBXBuildFile; fileRef = 24D61E9F1F6B15F900401646 /* ASTTests.swift */; };
		24D61EB21F6B160B00401646 /* Java Translator Tests.swift in Sources */ = {isa = PBXBuildFile; fileRef = 24D61E9A1F6B15F900401646 /* Java Translator Tests.swift */; };
		24FAA0D11F369DA90053A6BC /* FunctionListenerTests.swift in Sources */ = {isa = PBXBuildFile; fileRef = 24FAA0CF1F369D9A0053A6BC /* FunctionListenerTests.swift */; };
/* End PBXBuildFile section */

/* Begin PBXCopyFilesBuildPhase section */
		24A414421F0F20CE0075993D /* CopyFiles */ = {
			isa = PBXCopyFilesBuildPhase;
			buildActionMask = 2147483647;
			dstPath = /usr/share/man/man1/;
			dstSubfolderSpec = 0;
			files = (
			);
			runOnlyForDeploymentPostprocessing = 1;
		};
/* End PBXCopyFilesBuildPhase section */

/* Begin PBXFileReference section */
		240409451F4726FA00FC2AD4 /* TestAssignments.jkr */ = {isa = PBXFileReference; lastKnownFileType = text; name = TestAssignments.jkr; path = "tests/Unit Tests/Java Translator Tests/TestAssignments.jkr"; sourceTree = SOURCE_ROOT; };
		240409471F47288C00FC2AD4 /* Objc Translator Tests.swift */ = {isa = PBXFileReference; fileEncoding = 4; lastKnownFileType = sourcecode.swift; path = "Objc Translator Tests.swift"; sourceTree = "<group>"; };
		240E112C1F5DDDFA00F67F3E /* TestClassDeclarations.jkr */ = {isa = PBXFileReference; lastKnownFileType = text; path = TestClassDeclarations.jkr; sourceTree = "<group>"; };
		241371DE1F58D55A001DE932 /* TestClassDeclarations */ = {isa = PBXFileReference; lastKnownFileType = text; path = TestClassDeclarations; sourceTree = "<group>"; };
		24171CBA1F4CAA66002C136B /* TestFunctionCalls.jkr */ = {isa = PBXFileReference; lastKnownFileType = text; path = TestFunctionCalls.jkr; sourceTree = "<group>"; };
		24171CBD1F4CAE62002C136B /* TestAssignments.jkr */ = {isa = PBXFileReference; lastKnownFileType = text; path = TestAssignments.jkr; sourceTree = "<group>"; };
		24171CC01F4CAF9B002C136B /* TestFunctionCalls.jkr */ = {isa = PBXFileReference; lastKnownFileType = text; path = TestFunctionCalls.jkr; sourceTree = "<group>"; };
		24171CC11F4CAFBA002C136B /* TestFunctionCalls.jkr */ = {isa = PBXFileReference; lastKnownFileType = text; path = TestFunctionCalls.jkr; sourceTree = "<group>"; };
		243295701F46238D00478218 /* AntlrLexerTests.swift */ = {isa = PBXFileReference; fileEncoding = 4; lastKnownFileType = sourcecode.swift; path = AntlrLexerTests.swift; sourceTree = "<group>"; };
		243295711F46238D00478218 /* TestComments */ = {isa = PBXFileReference; fileEncoding = 4; lastKnownFileType = text; path = TestComments; sourceTree = "<group>"; };
		243295721F46238D00478218 /* TestIDs */ = {isa = PBXFileReference; fileEncoding = 4; lastKnownFileType = text; path = TestIDs; sourceTree = "<group>"; };
		243295731F46238D00478218 /* TestNewlines */ = {isa = PBXFileReference; fileEncoding = 4; lastKnownFileType = text; path = TestNewlines; sourceTree = "<group>"; };
		243295741F46238D00478218 /* TestTypes */ = {isa = PBXFileReference; fileEncoding = 4; lastKnownFileType = text; path = TestTypes; sourceTree = "<group>"; };
		243295761F46238D00478218 /* AntlrParserTests.swift */ = {isa = PBXFileReference; fileEncoding = 4; lastKnownFileType = sourcecode.swift; path = AntlrParserTests.swift; sourceTree = "<group>"; };
		243295771F46238D00478218 /* TestAssignments */ = {isa = PBXFileReference; fileEncoding = 4; lastKnownFileType = text; path = TestAssignments; sourceTree = "<group>"; };
		243295781F46238D00478218 /* TestExpressions */ = {isa = PBXFileReference; fileEncoding = 4; lastKnownFileType = text; path = TestExpressions; sourceTree = "<group>"; };
		243295791F46238D00478218 /* TestFunctionDeclarations */ = {isa = PBXFileReference; fileEncoding = 4; lastKnownFileType = text; path = TestFunctionDeclarations; sourceTree = "<group>"; };
		2432957A1F46238D00478218 /* TestStatementLists */ = {isa = PBXFileReference; fileEncoding = 4; lastKnownFileType = text; path = TestStatementLists; sourceTree = "<group>"; };
		2432957B1F46238D00478218 /* TestStatementListsWithNewline */ = {isa = PBXFileReference; fileEncoding = 4; lastKnownFileType = text; path = TestStatementListsWithNewline; sourceTree = "<group>"; };
		2432957C1F46238D00478218 /* TestVariableDeclarations */ = {isa = PBXFileReference; fileEncoding = 4; lastKnownFileType = text; path = TestVariableDeclarations; sourceTree = "<group>"; };
		246BCBF51F19567E004BE84C /* Jokr.tokens */ = {isa = PBXFileReference; fileEncoding = 4; lastKnownFileType = text; path = Jokr.tokens; sourceTree = "<group>"; };
		246BCBF61F19567E004BE84C /* JokrBaseListener.swift */ = {isa = PBXFileReference; fileEncoding = 4; lastKnownFileType = sourcecode.swift; path = JokrBaseListener.swift; sourceTree = "<group>"; };
		246BCBF71F19567E004BE84C /* JokrLexer.swift */ = {isa = PBXFileReference; fileEncoding = 4; lastKnownFileType = sourcecode.swift; path = JokrLexer.swift; sourceTree = "<group>"; };
		246BCBF81F19567E004BE84C /* JokrLexer.tokens */ = {isa = PBXFileReference; fileEncoding = 4; lastKnownFileType = text; path = JokrLexer.tokens; sourceTree = "<group>"; };
		246BCBF91F19567E004BE84C /* JokrLexerATN.swift */ = {isa = PBXFileReference; fileEncoding = 4; lastKnownFileType = sourcecode.swift; path = JokrLexerATN.swift; sourceTree = "<group>"; };
		246BCBFA1F19567E004BE84C /* JokrListener.swift */ = {isa = PBXFileReference; fileEncoding = 4; lastKnownFileType = sourcecode.swift; path = JokrListener.swift; sourceTree = "<group>"; };
		246BCBFB1F19567E004BE84C /* JokrParser.swift */ = {isa = PBXFileReference; fileEncoding = 4; lastKnownFileType = sourcecode.swift; path = JokrParser.swift; sourceTree = "<group>"; };
		246BCBFC1F19567E004BE84C /* JokrParserATN.swift */ = {isa = PBXFileReference; fileEncoding = 4; lastKnownFileType = sourcecode.swift; path = JokrParserATN.swift; sourceTree = "<group>"; };
		246BCBFF1F19567E004BE84C /* Jokr.g4 */ = {isa = PBXFileReference; fileEncoding = 4; lastKnownFileType = text; path = Jokr.g4; sourceTree = "<group>"; xcLanguageSpecificationIdentifier = xcode.lang.c; };
		246BCC011F19567E004BE84C /* main.swift */ = {isa = PBXFileReference; fileEncoding = 4; lastKnownFileType = sourcecode.swift; path = main.swift; sourceTree = "<group>"; };
		246BCC211F1957B7004BE84C /* Info.plist */ = {isa = PBXFileReference; fileEncoding = 4; lastKnownFileType = text.plist.xml; path = Info.plist; sourceTree = "<group>"; };
		247031F21F6C813A00D4804A /* Main.java */ = {isa = PBXFileReference; lastKnownFileType = sourcecode.java; path = Main.java; sourceTree = "<group>"; };
		247031F51F6C839D00D4804A /* Main.java */ = {isa = PBXFileReference; lastKnownFileType = sourcecode.java; path = Main.java; sourceTree = "<group>"; };
		247031F61F6C83D300D4804A /* Person.java */ = {isa = PBXFileReference; lastKnownFileType = sourcecode.java; path = Person.java; sourceTree = "<group>"; };
		247031F71F6C83E200D4804A /* Animal.java */ = {isa = PBXFileReference; lastKnownFileType = sourcecode.java; path = Animal.java; sourceTree = "<group>"; };
		247031FB1F6C86C000D4804A /* main.m */ = {isa = PBXFileReference; lastKnownFileType = sourcecode.c.objc; path = main.m; sourceTree = "<group>"; };
		247031FC1F6C86D800D4804A /* main.m */ = {isa = PBXFileReference; lastKnownFileType = sourcecode.c.objc; path = main.m; sourceTree = "<group>"; };
		247031FD1F6C86EB00D4804A /* Person.m */ = {isa = PBXFileReference; lastKnownFileType = sourcecode.c.objc; path = Person.m; sourceTree = "<group>"; };
		247031FF1F6C86F100D4804A /* Person.h */ = {isa = PBXFileReference; lastKnownFileType = sourcecode.c.h; path = Person.h; sourceTree = "<group>"; };
		247032001F6C86F800D4804A /* Animal.m */ = {isa = PBXFileReference; lastKnownFileType = sourcecode.c.objc; path = Animal.m; sourceTree = "<group>"; };
		247032021F6C86FE00D4804A /* Animal.h */ = {isa = PBXFileReference; lastKnownFileType = sourcecode.c.h; path = Animal.h; sourceTree = "<group>"; };
		248F364F1F36610200BCAF0A /* ExtensionsTests.swift */ = {isa = PBXFileReference; fileEncoding = 4; lastKnownFileType = sourcecode.swift; path = ExtensionsTests.swift; sourceTree = "<group>"; };
		24A414441F0F20CE0075993D /* jokr */ = {isa = PBXFileReference; explicitFileType = "compiled.mach-o.executable"; includeInIndex = 0; path = jokr; sourceTree = BUILT_PRODUCTS_DIR; };
		24A414651F0F29270075993D /* antlr4-master */ = {isa = PBXFileReference; lastKnownFileType = folder; path = "antlr4-master"; sourceTree = "<group>"; };
		24A414661F0F29440075993D /* Antlr4.swiftdoc */ = {isa = PBXFileReference; lastKnownFileType = file; name = Antlr4.swiftdoc; path = "antlr4-master/runtime/Swift/.build/debug/Antlr4.swiftdoc"; sourceTree = "<group>"; };
		24A414671F0F29440075993D /* Antlr4.swiftmodule */ = {isa = PBXFileReference; lastKnownFileType = file; name = Antlr4.swiftmodule; path = "antlr4-master/runtime/Swift/.build/debug/Antlr4.swiftmodule"; sourceTree = "<group>"; };
		24A414681F0F29450075993D /* libAntlr4.dylib */ = {isa = PBXFileReference; lastKnownFileType = "compiled.mach-o.dylib"; name = libAntlr4.dylib; path = "antlr4-master/runtime/Swift/.build/debug/libAntlr4.dylib"; sourceTree = "<group>"; };
		24A414691F0F29450075993D /* libAntlr4.dylib.dSYM */ = {isa = PBXFileReference; lastKnownFileType = wrapper.dsym; name = libAntlr4.dylib.dSYM; path = "antlr4-master/runtime/Swift/.build/debug/libAntlr4.dylib.dSYM"; sourceTree = "<group>"; };
		24ABAA361F3CA7EB005E22EF /* JKRUtilities.swift */ = {isa = PBXFileReference; fileEncoding = 4; lastKnownFileType = sourcecode.swift; name = JKRUtilities.swift; path = ../JKRUtilities.swift; sourceTree = "<group>"; };
		24B5F50C1F17B7E80045FF6A /* jokrUnitTests.xctest */ = {isa = PBXFileReference; explicitFileType = wrapper.cfbundle; includeInIndex = 0; path = jokrUnitTests.xctest; sourceTree = BUILT_PRODUCTS_DIR; };
		24C037551F4A0DFD00C88FCF /* JavaAcceptanceTests.swift */ = {isa = PBXFileReference; fileEncoding = 4; lastKnownFileType = sourcecode.swift; path = JavaAcceptanceTests.swift; sourceTree = "<group>"; };
		24C0375B1F4A0DFD00C88FCF /* ObjCAcceptanceTests.swift */ = {isa = PBXFileReference; fileEncoding = 4; lastKnownFileType = sourcecode.swift; path = ObjCAcceptanceTests.swift; sourceTree = "<group>"; };
		24C65CB41F3B65EE00FCFFF2 /* main.jkr */ = {isa = PBXFileReference; fileEncoding = 4; lastKnownFileType = text; name = main.jkr; path = tests/main.jkr; sourceTree = SOURCE_ROOT; };
		24C65CC01F3B838600FCFFF2 /* AntlrToJKR.swift */ = {isa = PBXFileReference; fileEncoding = 4; lastKnownFileType = sourcecode.swift; lineEnding = 0; path = AntlrToJKR.swift; sourceTree = "<group>"; xcLanguageSpecificationIdentifier = xcode.lang.swift; };
		24C65CC11F3B838600FCFFF2 /* JKRAntlrParser.swift */ = {isa = PBXFileReference; fileEncoding = 4; lastKnownFileType = sourcecode.swift; path = JKRAntlrParser.swift; sourceTree = "<group>"; };
		24C65CC31F3B838600FCFFF2 /* JKRCompiler.swift */ = {isa = PBXFileReference; fileEncoding = 4; lastKnownFileType = sourcecode.swift; path = JKRCompiler.swift; sourceTree = "<group>"; };
		24C65CC41F3B838600FCFFF2 /* JKRJavaCompiler.swift */ = {isa = PBXFileReference; fileEncoding = 4; lastKnownFileType = sourcecode.swift; path = JKRJavaCompiler.swift; sourceTree = "<group>"; };
		24C65CC51F3B838600FCFFF2 /* JKRObjcCompiler.swift */ = {isa = PBXFileReference; fileEncoding = 4; lastKnownFileType = sourcecode.swift; path = JKRObjcCompiler.swift; sourceTree = "<group>"; };
		24C65CC71F3B838600FCFFF2 /* Extensions.swift */ = {isa = PBXFileReference; fileEncoding = 4; lastKnownFileType = sourcecode.swift; path = Extensions.swift; sourceTree = "<group>"; };
		24C65CC81F3B838600FCFFF2 /* FunctionListener.swift */ = {isa = PBXFileReference; fileEncoding = 4; lastKnownFileType = sourcecode.swift; path = FunctionListener.swift; sourceTree = "<group>"; };
		24C65CC91F3B838600FCFFF2 /* Shell.swift */ = {isa = PBXFileReference; fileEncoding = 4; lastKnownFileType = sourcecode.swift; path = Shell.swift; sourceTree = "<group>"; };
		24C65CCA1F3B838600FCFFF2 /* JKRAST.swift */ = {isa = PBXFileReference; fileEncoding = 4; lastKnownFileType = sourcecode.swift; lineEnding = 0; path = JKRAST.swift; sourceTree = "<group>"; xcLanguageSpecificationIdentifier = xcode.lang.swift; };
		24C65CCB1F3B838600FCFFF2 /* JKRDriver.swift */ = {isa = PBXFileReference; fileEncoding = 4; lastKnownFileType = sourcecode.swift; path = JKRDriver.swift; sourceTree = "<group>"; };
		24C65CCC1F3B838600FCFFF2 /* JKRParser.swift */ = {isa = PBXFileReference; fileEncoding = 4; lastKnownFileType = sourcecode.swift; path = JKRParser.swift; sourceTree = "<group>"; };
		24C65CCE1F3B838600FCFFF2 /* JKRJavaTranslator.swift */ = {isa = PBXFileReference; fileEncoding = 4; lastKnownFileType = sourcecode.swift; lineEnding = 0; path = JKRJavaTranslator.swift; sourceTree = "<group>"; xcLanguageSpecificationIdentifier = xcode.lang.swift; };
		24C65CCF1F3B838600FCFFF2 /* JKRObjcTranslator.swift */ = {isa = PBXFileReference; fileEncoding = 4; lastKnownFileType = sourcecode.swift; lineEnding = 0; path = JKRObjcTranslator.swift; sourceTree = "<group>"; xcLanguageSpecificationIdentifier = xcode.lang.swift; };
		24C65CD01F3B838600FCFFF2 /* JKRWriter.swift */ = {isa = PBXFileReference; fileEncoding = 4; lastKnownFileType = sourcecode.swift; path = JKRWriter.swift; sourceTree = "<group>"; };
		24C65CED1F3B84B400FCFFF2 /* JKRTranslator.swift */ = {isa = PBXFileReference; fileEncoding = 4; lastKnownFileType = sourcecode.swift; path = JKRTranslator.swift; sourceTree = "<group>"; };
		24D61E941F6B15DF00401646 /* JKRParserTests.swift */ = {isa = PBXFileReference; lastKnownFileType = sourcecode.swift; path = JKRParserTests.swift; sourceTree = "<group>"; };
		24D61E951F6B15DF00401646 /* TestDeclarations.jkr */ = {isa = PBXFileReference; lastKnownFileType = text; path = TestDeclarations.jkr; sourceTree = "<group>"; };
		24D61E961F6B15DF00401646 /* TestEmpty.jkr */ = {isa = PBXFileReference; lastKnownFileType = text; path = TestEmpty.jkr; sourceTree = "<group>"; };
		24D61E971F6B15DF00401646 /* TestStatements.jkr */ = {isa = PBXFileReference; lastKnownFileType = text; path = TestStatements.jkr; sourceTree = "<group>"; };
		24D61E9A1F6B15F900401646 /* Java Translator Tests.swift */ = {isa = PBXFileReference; lastKnownFileType = sourcecode.swift; path = "Java Translator Tests.swift"; sourceTree = "<group>"; };
		24D61E9B1F6B15F900401646 /* TestAssignments.jkr */ = {isa = PBXFileReference; lastKnownFileType = text; path = TestAssignments.jkr; sourceTree = "<group>"; };
		24D61E9C1F6B15F900401646 /* TestClassDeclarations.jkr */ = {isa = PBXFileReference; lastKnownFileType = text; path = TestClassDeclarations.jkr; sourceTree = "<group>"; };
		24D61E9D1F6B15F900401646 /* TestFunctionCalls.jkr */ = {isa = PBXFileReference; lastKnownFileType = text; path = TestFunctionCalls.jkr; sourceTree = "<group>"; };
		24D61E9F1F6B15F900401646 /* ASTTests.swift */ = {isa = PBXFileReference; lastKnownFileType = sourcecode.swift; path = ASTTests.swift; sourceTree = "<group>"; };
		24D61EA11F6B15F900401646 /* AntlrToJokrTests.swift */ = {isa = PBXFileReference; lastKnownFileType = sourcecode.swift; path = AntlrToJokrTests.swift; sourceTree = "<group>"; };
		24D61EA21F6B15F900401646 /* TestAssignments */ = {isa = PBXFileReference; lastKnownFileType = text; path = TestAssignments; sourceTree = "<group>"; };
		24D61EA31F6B15F900401646 /* TestClassDeclarations */ = {isa = PBXFileReference; lastKnownFileType = text; path = TestClassDeclarations; sourceTree = "<group>"; };
		24D61EA41F6B15F900401646 /* TestDeclarations */ = {isa = PBXFileReference; lastKnownFileType = text; path = TestDeclarations; sourceTree = "<group>"; };
		24D61EA51F6B15F900401646 /* TestEmpty */ = {isa = PBXFileReference; lastKnownFileType = text; path = TestEmpty; sourceTree = "<group>"; };
		24D61EA61F6B15F900401646 /* TestExpressions */ = {isa = PBXFileReference; lastKnownFileType = text; path = TestExpressions; sourceTree = "<group>"; };
		24D61EA71F6B15F900401646 /* TestFunctionCalls */ = {isa = PBXFileReference; lastKnownFileType = text; path = TestFunctionCalls; sourceTree = "<group>"; };
		24D61EA81F6B15F900401646 /* TestFunctionDeclarations */ = {isa = PBXFileReference; lastKnownFileType = text; path = TestFunctionDeclarations; sourceTree = "<group>"; };
		24D61EA91F6B15F900401646 /* TestIDs */ = {isa = PBXFileReference; lastKnownFileType = text; path = TestIDs; sourceTree = "<group>"; };
		24D61EAA1F6B15F900401646 /* TestOperators */ = {isa = PBXFileReference; lastKnownFileType = text; path = TestOperators; sourceTree = "<group>"; };
		24D61EAB1F6B15F900401646 /* TestParameterDeclarations */ = {isa = PBXFileReference; lastKnownFileType = text; path = TestParameterDeclarations; sourceTree = "<group>"; };
		24D61EAC1F6B15F900401646 /* TestParameters */ = {isa = PBXFileReference; lastKnownFileType = text; path = TestParameters; sourceTree = "<group>"; };
		24D61EAD1F6B15F900401646 /* TestReturns */ = {isa = PBXFileReference; lastKnownFileType = text; path = TestReturns; sourceTree = "<group>"; };
		24D61EAE1F6B15F900401646 /* TestStatements */ = {isa = PBXFileReference; lastKnownFileType = text; path = TestStatements; sourceTree = "<group>"; };
		24D61EAF1F6B15F900401646 /* TestTypes */ = {isa = PBXFileReference; lastKnownFileType = text; path = TestTypes; sourceTree = "<group>"; };
		24D908571F4F33C4001E5C22 /* TestParameters */ = {isa = PBXFileReference; lastKnownFileType = text; path = TestParameters; sourceTree = "<group>"; };
		24FAA0CF1F369D9A0053A6BC /* FunctionListenerTests.swift */ = {isa = PBXFileReference; fileEncoding = 4; lastKnownFileType = sourcecode.swift; path = FunctionListenerTests.swift; sourceTree = "<group>"; };
		24FAA9A21F573B9900752153 /* TestAssignments.jkr */ = {isa = PBXFileReference; lastKnownFileType = text; path = TestAssignments.jkr; sourceTree = "<group>"; };
		24FAA9A31F573BEE00752153 /* TestExpressions.jkr */ = {isa = PBXFileReference; lastKnownFileType = text; path = TestExpressions.jkr; sourceTree = "<group>"; };
		24FAA9A41F573CC600752153 /* TestAssignments.jkr */ = {isa = PBXFileReference; lastKnownFileType = text; path = TestAssignments.jkr; sourceTree = "<group>"; };
		24FAA9A51F573CD300752153 /* TestExpressions.jkr */ = {isa = PBXFileReference; lastKnownFileType = text; path = TestExpressions.jkr; sourceTree = "<group>"; };
		24FAA9A71F5740AA00752153 /* TestClass */ = {isa = PBXFileReference; lastKnownFileType = text; path = TestClass; sourceTree = "<group>"; };
		24FFE8641F4C48D400234B34 /* TestFunctionCalls */ = {isa = PBXFileReference; lastKnownFileType = text; path = TestFunctionCalls; sourceTree = "<group>"; };
/* End PBXFileReference section */

/* Begin PBXFrameworksBuildPhase section */
		24A414411F0F20CE0075993D /* Frameworks */ = {
			isa = PBXFrameworksBuildPhase;
			buildActionMask = 2147483647;
			files = (
				24A4146A1F0F29450075993D /* libAntlr4.dylib in Frameworks */,
			);
			runOnlyForDeploymentPostprocessing = 0;
		};
		24B5F5091F17B7E80045FF6A /* Frameworks */ = {
			isa = PBXFrameworksBuildPhase;
			buildActionMask = 2147483647;
			files = (
				24B5F5231F17B8480045FF6A /* libAntlr4.dylib in Frameworks */,
			);
			runOnlyForDeploymentPostprocessing = 0;
		};
/* End PBXFrameworksBuildPhase section */

/* Begin PBXGroup section */
		240409461F47288C00FC2AD4 /* ObjC Translator Tests */ = {
			isa = PBXGroup;
			children = (
				240409471F47288C00FC2AD4 /* Objc Translator Tests.swift */,
				247031F81F6C869B00D4804A /* TestAssignments */,
				247031F91F6C86A800D4804A /* TestClassDeclarations */,
				247031FA1F6C86AE00D4804A /* TestFunctionCalls */,
			);
			path = "ObjC Translator Tests";
			sourceTree = "<group>";
		};
		2432956F1F46238D00478218 /* Antlr Lexer Tests */ = {
			isa = PBXGroup;
			children = (
				243295701F46238D00478218 /* AntlrLexerTests.swift */,
				243295711F46238D00478218 /* TestComments */,
				24FAA9A71F5740AA00752153 /* TestClass */,
				243295721F46238D00478218 /* TestIDs */,
				243295731F46238D00478218 /* TestNewlines */,
				243295741F46238D00478218 /* TestTypes */,
			);
			path = "Antlr Lexer Tests";
			sourceTree = "<group>";
		};
		243295751F46238D00478218 /* Antlr Parser Tests */ = {
			isa = PBXGroup;
			children = (
				243295761F46238D00478218 /* AntlrParserTests.swift */,
				240409451F4726FA00FC2AD4 /* TestAssignments.jkr */,
				243295771F46238D00478218 /* TestAssignments */,
				241371DE1F58D55A001DE932 /* TestClassDeclarations */,
				243295781F46238D00478218 /* TestExpressions */,
				24FFE8641F4C48D400234B34 /* TestFunctionCalls */,
				243295791F46238D00478218 /* TestFunctionDeclarations */,
				24D908571F4F33C4001E5C22 /* TestParameters */,
				2432957A1F46238D00478218 /* TestStatementLists */,
				2432957B1F46238D00478218 /* TestStatementListsWithNewline */,
				2432957C1F46238D00478218 /* TestVariableDeclarations */,
			);
			path = "Antlr Parser Tests";
			sourceTree = "<group>";
		};
		246BCBF31F19567E004BE84C /* jokr */ = {
			isa = PBXGroup;
			children = (
				24C65CB41F3B65EE00FCFFF2 /* main.jkr */,
				246BCC011F19567E004BE84C /* main.swift */,
				246BCBFF1F19567E004BE84C /* Jokr.g4 */,
				24C65CC61F3B838600FCFFF2 /* Helpers */,
				246BCBF41F19567E004BE84C /* Antlr Generated Parser */,
				24C65CBF1F3B838600FCFFF2 /* Antlr Interface */,
				24C65CCB1F3B838600FCFFF2 /* JKRDriver.swift */,
				24C65CCA1F3B838600FCFFF2 /* JKRAST.swift */,
				24C65CCC1F3B838600FCFFF2 /* JKRParser.swift */,
				24C65CCD1F3B838600FCFFF2 /* Translators */,
				24C65CC21F3B838600FCFFF2 /* Compilers */,
			);
			path = jokr;
			sourceTree = "<group>";
		};
		246BCBF41F19567E004BE84C /* Antlr Generated Parser */ = {
			isa = PBXGroup;
			children = (
				246BCBF51F19567E004BE84C /* Jokr.tokens */,
				246BCBF61F19567E004BE84C /* JokrBaseListener.swift */,
				246BCBF71F19567E004BE84C /* JokrLexer.swift */,
				246BCBF81F19567E004BE84C /* JokrLexer.tokens */,
				246BCBF91F19567E004BE84C /* JokrLexerATN.swift */,
				246BCBFA1F19567E004BE84C /* JokrListener.swift */,
				246BCBFB1F19567E004BE84C /* JokrParser.swift */,
				246BCBFC1F19567E004BE84C /* JokrParserATN.swift */,
			);
			path = "Antlr Generated Parser";
			sourceTree = "<group>";
		};
		246BCC1F1F1957B7004BE84C /* tests */ = {
			isa = PBXGroup;
			children = (
				24C037531F4A0DFD00C88FCF /* Acceptance Tests */,
				246BCC201F1957B7004BE84C /* Unit Tests */,
			);
			path = tests;
			sourceTree = "<group>";
		};
		246BCC201F1957B7004BE84C /* Unit Tests */ = {
			isa = PBXGroup;
			children = (
				246BCC211F1957B7004BE84C /* Info.plist */,
				248F364F1F36610200BCAF0A /* ExtensionsTests.swift */,
				24FAA0CF1F369D9A0053A6BC /* FunctionListenerTests.swift */,
				24D61E931F6B15DF00401646 /* JKRParser Tests */,
				2432956F1F46238D00478218 /* Antlr Lexer Tests */,
				243295751F46238D00478218 /* Antlr Parser Tests */,
				24D61EA01F6B15F900401646 /* Antlr to Jokr Tests */,
				24D61E9E1F6B15F900401646 /* AST Tests */,
				24D61E991F6B15F900401646 /* Java Translator Tests */,
				240409461F47288C00FC2AD4 /* ObjC Translator Tests */,
			);
			path = "Unit Tests";
			sourceTree = "<group>";
		};
		247031F11F6C811200D4804A /* TestAssignments */ = {
			isa = PBXGroup;
			children = (
				24D61E9B1F6B15F900401646 /* TestAssignments.jkr */,
				247031F21F6C813A00D4804A /* Main.java */,
			);
			path = TestAssignments;
			sourceTree = "<group>";
		};
		247031F31F6C837400D4804A /* TestClassDeclarations */ = {
			isa = PBXGroup;
			children = (
				24D61E9C1F6B15F900401646 /* TestClassDeclarations.jkr */,
				247031F71F6C83E200D4804A /* Animal.java */,
				247031F61F6C83D300D4804A /* Person.java */,
			);
			path = TestClassDeclarations;
			sourceTree = "<group>";
		};
		247031F41F6C838C00D4804A /* TestFunctionCalls */ = {
			isa = PBXGroup;
			children = (
				24D61E9D1F6B15F900401646 /* TestFunctionCalls.jkr */,
				247031F51F6C839D00D4804A /* Main.java */,
			);
			path = TestFunctionCalls;
			sourceTree = "<group>";
		};
		247031F81F6C869B00D4804A /* TestAssignments */ = {
			isa = PBXGroup;
			children = (
				24171CBD1F4CAE62002C136B /* TestAssignments.jkr */,
				247031FB1F6C86C000D4804A /* main.m */,
			);
			path = TestAssignments;
			sourceTree = "<group>";
		};
		247031F91F6C86A800D4804A /* TestClassDeclarations */ = {
			isa = PBXGroup;
			children = (
				240E112C1F5DDDFA00F67F3E /* TestClassDeclarations.jkr */,
				247032021F6C86FE00D4804A /* Animal.h */,
				247032001F6C86F800D4804A /* Animal.m */,
				247031FF1F6C86F100D4804A /* Person.h */,
				247031FD1F6C86EB00D4804A /* Person.m */,
			);
			path = TestClassDeclarations;
			sourceTree = "<group>";
		};
		247031FA1F6C86AE00D4804A /* TestFunctionCalls */ = {
			isa = PBXGroup;
			children = (
				24171CBA1F4CAA66002C136B /* TestFunctionCalls.jkr */,
				247031FC1F6C86D800D4804A /* main.m */,
			);
			path = TestFunctionCalls;
			sourceTree = "<group>";
		};
		24A4143B1F0F20CE0075993D = {
			isa = PBXGroup;
			children = (
				246BCBF31F19567E004BE84C /* jokr */,
				246BCC1F1F1957B7004BE84C /* tests */,
				24A414451F0F20CE0075993D /* Products */,
				24A4145D1F0F267A0075993D /* Frameworks */,
			);
			sourceTree = "<group>";
		};
		24A414451F0F20CE0075993D /* Products */ = {
			isa = PBXGroup;
			children = (
				24A414441F0F20CE0075993D /* jokr */,
				24B5F50C1F17B7E80045FF6A /* jokrUnitTests.xctest */,
			);
			name = Products;
			sourceTree = "<group>";
		};
		24A4145D1F0F267A0075993D /* Frameworks */ = {
			isa = PBXGroup;
			children = (
				24A4146B1F0F294C0075993D /* Antlr4 */,
			);
			name = Frameworks;
			sourceTree = "<group>";
		};
		24A4146B1F0F294C0075993D /* Antlr4 */ = {
			isa = PBXGroup;
			children = (
				24A414661F0F29440075993D /* Antlr4.swiftdoc */,
				24A414671F0F29440075993D /* Antlr4.swiftmodule */,
				24A414681F0F29450075993D /* libAntlr4.dylib */,
				24A414691F0F29450075993D /* libAntlr4.dylib.dSYM */,
				24A414651F0F29270075993D /* antlr4-master */,
			);
			name = Antlr4;
			sourceTree = "<group>";
		};
		24C037531F4A0DFD00C88FCF /* Acceptance Tests */ = {
			isa = PBXGroup;
			children = (
				24C037541F4A0DFD00C88FCF /* Java */,
				24C0375A1F4A0DFD00C88FCF /* ObjC */,
			);
			path = "Acceptance Tests";
			sourceTree = "<group>";
		};
		24C037541F4A0DFD00C88FCF /* Java */ = {
			isa = PBXGroup;
			children = (
				24C037551F4A0DFD00C88FCF /* JavaAcceptanceTests.swift */,
				24FAA9A21F573B9900752153 /* TestAssignments.jkr */,
				24FAA9A31F573BEE00752153 /* TestExpressions.jkr */,
				24171CC01F4CAF9B002C136B /* TestFunctionCalls.jkr */,
			);
			path = Java;
			sourceTree = "<group>";
		};
		24C0375A1F4A0DFD00C88FCF /* ObjC */ = {
			isa = PBXGroup;
			children = (
				24C0375B1F4A0DFD00C88FCF /* ObjCAcceptanceTests.swift */,
				24FAA9A41F573CC600752153 /* TestAssignments.jkr */,
				24FAA9A51F573CD300752153 /* TestExpressions.jkr */,
				24171CC11F4CAFBA002C136B /* TestFunctionCalls.jkr */,
			);
			path = ObjC;
			sourceTree = "<group>";
		};
		24C65CBF1F3B838600FCFFF2 /* Antlr Interface */ = {
			isa = PBXGroup;
			children = (
				24C65CC01F3B838600FCFFF2 /* AntlrToJKR.swift */,
				24C65CC11F3B838600FCFFF2 /* JKRAntlrParser.swift */,
			);
			path = "Antlr Interface";
			sourceTree = "<group>";
		};
		24C65CC21F3B838600FCFFF2 /* Compilers */ = {
			isa = PBXGroup;
			children = (
				24C65CC31F3B838600FCFFF2 /* JKRCompiler.swift */,
				24C65CC41F3B838600FCFFF2 /* JKRJavaCompiler.swift */,
				24C65CC51F3B838600FCFFF2 /* JKRObjcCompiler.swift */,
			);
			path = Compilers;
			sourceTree = "<group>";
		};
		24C65CC61F3B838600FCFFF2 /* Helpers */ = {
			isa = PBXGroup;
			children = (
				24C65CC71F3B838600FCFFF2 /* Extensions.swift */,
				24C65CC81F3B838600FCFFF2 /* FunctionListener.swift */,
				24C65CC91F3B838600FCFFF2 /* Shell.swift */,
				24ABAA361F3CA7EB005E22EF /* JKRUtilities.swift */,
			);
			path = Helpers;
			sourceTree = "<group>";
		};
		24C65CCD1F3B838600FCFFF2 /* Translators */ = {
			isa = PBXGroup;
			children = (
				24C65CED1F3B84B400FCFFF2 /* JKRTranslator.swift */,
				24C65CCE1F3B838600FCFFF2 /* JKRJavaTranslator.swift */,
				24C65CCF1F3B838600FCFFF2 /* JKRObjcTranslator.swift */,
				24C65CD01F3B838600FCFFF2 /* JKRWriter.swift */,
			);
			path = Translators;
			sourceTree = "<group>";
		};
		24D61E931F6B15DF00401646 /* JKRParser Tests */ = {
			isa = PBXGroup;
			children = (
				24D61E941F6B15DF00401646 /* JKRParserTests.swift */,
				24D61E951F6B15DF00401646 /* TestDeclarations.jkr */,
				24D61E961F6B15DF00401646 /* TestEmpty.jkr */,
				24D61E971F6B15DF00401646 /* TestStatements.jkr */,
			);
			path = "JKRParser Tests";
			sourceTree = "<group>";
		};
		24D61E991F6B15F900401646 /* Java Translator Tests */ = {
			isa = PBXGroup;
			children = (
				24D61E9A1F6B15F900401646 /* Java Translator Tests.swift */,
				247031F11F6C811200D4804A /* TestAssignments */,
				247031F31F6C837400D4804A /* TestClassDeclarations */,
				247031F41F6C838C00D4804A /* TestFunctionCalls */,
			);
			path = "Java Translator Tests";
			sourceTree = "<group>";
		};
		24D61E9E1F6B15F900401646 /* AST Tests */ = {
			isa = PBXGroup;
			children = (
				24D61E9F1F6B15F900401646 /* ASTTests.swift */,
			);
			path = "AST Tests";
			sourceTree = "<group>";
		};
		24D61EA01F6B15F900401646 /* Antlr to Jokr Tests */ = {
			isa = PBXGroup;
			children = (
				24D61EA11F6B15F900401646 /* AntlrToJokrTests.swift */,
				24D61EA21F6B15F900401646 /* TestAssignments */,
				24D61EA31F6B15F900401646 /* TestClassDeclarations */,
				24D61EA41F6B15F900401646 /* TestDeclarations */,
				24D61EA51F6B15F900401646 /* TestEmpty */,
				24D61EA61F6B15F900401646 /* TestExpressions */,
				24D61EA71F6B15F900401646 /* TestFunctionCalls */,
				24D61EA81F6B15F900401646 /* TestFunctionDeclarations */,
				24D61EA91F6B15F900401646 /* TestIDs */,
				24D61EAA1F6B15F900401646 /* TestOperators */,
				24D61EAB1F6B15F900401646 /* TestParameterDeclarations */,
				24D61EAC1F6B15F900401646 /* TestParameters */,
				24D61EAD1F6B15F900401646 /* TestReturns */,
				24D61EAE1F6B15F900401646 /* TestStatements */,
				24D61EAF1F6B15F900401646 /* TestTypes */,
			);
			path = "Antlr to Jokr Tests";
			sourceTree = "<group>";
		};
/* End PBXGroup section */

/* Begin PBXNativeTarget section */
		24A414431F0F20CE0075993D /* jokr */ = {
			isa = PBXNativeTarget;
			buildConfigurationList = 24A4144B1F0F20CE0075993D /* Build configuration list for PBXNativeTarget "jokr" */;
			buildPhases = (
				24349BC81F37343F00B7A62F /* Run Swiftlint */,
				24AFC3171F1ED15400534712 /* Build Antlr runtime */,
				24A4147C1F0F2B750075993D /* Run Antlr to build parser */,
				24A414401F0F20CE0075993D /* Sources */,
				24A414411F0F20CE0075993D /* Frameworks */,
				24A414421F0F20CE0075993D /* CopyFiles */,
			);
			buildRules = (
			);
			dependencies = (
			);
			name = jokr;
			productName = Antlr;
			productReference = 24A414441F0F20CE0075993D /* jokr */;
			productType = "com.apple.product-type.tool";
		};
		24B5F50B1F17B7E80045FF6A /* jokrUnitTests */ = {
			isa = PBXNativeTarget;
			buildConfigurationList = 24B5F5111F17B7E80045FF6A /* Build configuration list for PBXNativeTarget "jokrUnitTests" */;
			buildPhases = (
				24D908591F4F364D001E5C22 /* Run Swiftlint */,
				247032031F6C8CEF00D4804A /* Build Antlr Runtime */,
				247032041F6C8D2700D4804A /* Run Antlr to build parser */,
				24B5F5081F17B7E80045FF6A /* Sources */,
				24B5F5091F17B7E80045FF6A /* Frameworks */,
				24B5F50A1F17B7E80045FF6A /* Resources */,
			);
			buildRules = (
			);
			dependencies = (
			);
			name = jokrUnitTests;
			productName = AntlrUnitTests;
			productReference = 24B5F50C1F17B7E80045FF6A /* jokrUnitTests.xctest */;
			productType = "com.apple.product-type.bundle.unit-test";
		};
/* End PBXNativeTarget section */

/* Begin PBXProject section */
		24A4143C1F0F20CE0075993D /* Project object */ = {
			isa = PBXProject;
			attributes = {
				LastSwiftUpdateCheck = 0830;
				LastUpgradeCheck = 0900;
				ORGANIZATIONNAME = vinivendra;
				TargetAttributes = {
					24A414431F0F20CE0075993D = {
						CreatedOnToolsVersion = 8.3;
						DevelopmentTeam = HHT774898M;
						LastSwiftMigration = 0900;
						ProvisioningStyle = Automatic;
					};
					24B5F50B1F17B7E80045FF6A = {
						CreatedOnToolsVersion = 8.3;
						DevelopmentTeam = HHT774898M;
						LastSwiftMigration = 0900;
						ProvisioningStyle = Automatic;
					};
				};
			};
			buildConfigurationList = 24A4143F1F0F20CE0075993D /* Build configuration list for PBXProject "jokr" */;
			compatibilityVersion = "Xcode 3.2";
			developmentRegion = English;
			hasScannedForEncodings = 0;
			knownRegions = (
				en,
			);
			mainGroup = 24A4143B1F0F20CE0075993D;
			productRefGroup = 24A414451F0F20CE0075993D /* Products */;
			projectDirPath = "";
			projectRoot = "";
			targets = (
				24A414431F0F20CE0075993D /* jokr */,
				24B5F50B1F17B7E80045FF6A /* jokrUnitTests */,
			);
		};
/* End PBXProject section */

/* Begin PBXResourcesBuildPhase section */
		24B5F50A1F17B7E80045FF6A /* Resources */ = {
			isa = PBXResourcesBuildPhase;
			buildActionMask = 2147483647;
			files = (
				2432957E1F46238D00478218 /* TestComments in Resources */,
				243295831F46238D00478218 /* TestAssignments in Resources */,
				2432957F1F46238D00478218 /* TestIDs in Resources */,
				243295871F46238D00478218 /* TestStatementListsWithNewline in Resources */,
				243295811F46238D00478218 /* TestTypes in Resources */,
				243295881F46238D00478218 /* TestVariableDeclarations in Resources */,
				243295851F46238D00478218 /* TestFunctionDeclarations in Resources */,
				243295841F46238D00478218 /* TestExpressions in Resources */,
				243295861F46238D00478218 /* TestStatementLists in Resources */,
				243295801F46238D00478218 /* TestNewlines in Resources */,
			);
			runOnlyForDeploymentPostprocessing = 0;
		};
/* End PBXResourcesBuildPhase section */

/* Begin PBXShellScriptBuildPhase section */
		24349BC81F37343F00B7A62F /* Run Swiftlint */ = {
			isa = PBXShellScriptBuildPhase;
			buildActionMask = 2147483647;
			files = (
			);
			inputPaths = (
			);
			name = "Run Swiftlint";
			outputPaths = (
			);
			runOnlyForDeploymentPostprocessing = 0;
			shellPath = /bin/sh;
			shellScript = "cd $SRCROOT\nswiftlint";
		};
		247032031F6C8CEF00D4804A /* Build Antlr Runtime */ = {
			isa = PBXShellScriptBuildPhase;
			buildActionMask = 2147483647;
			files = (
			);
			inputPaths = (
			);
			name = "Build Antlr Runtime";
			outputPaths = (
			);
			runOnlyForDeploymentPostprocessing = 0;
			shellPath = /bin/sh;
			shellScript = "cd \"$SRCROOT\"/jokr\nbash buildAntlrRuntime.sh";
		};
		247032041F6C8D2700D4804A /* Run Antlr to build parser */ = {
			isa = PBXShellScriptBuildPhase;
			buildActionMask = 2147483647;
			files = (
			);
			inputPaths = (
			);
			name = "Run Antlr to build parser";
			outputPaths = (
			);
			runOnlyForDeploymentPostprocessing = 0;
			shellPath = /bin/sh;
			shellScript = "cd \"$SRCROOT\"/jokr\nbash runAntlr.sh";
		};
		24A4147C1F0F2B750075993D /* Run Antlr to build parser */ = {
			isa = PBXShellScriptBuildPhase;
			buildActionMask = 2147483647;
			files = (
			);
			inputPaths = (
			);
			name = "Run Antlr to build parser";
			outputPaths = (
			);
			runOnlyForDeploymentPostprocessing = 0;
			shellPath = /bin/sh;
			shellScript = "cd \"$SRCROOT\"/jokr\nbash runAntlr.sh";
		};
		24AFC3171F1ED15400534712 /* Build Antlr runtime */ = {
			isa = PBXShellScriptBuildPhase;
			buildActionMask = 2147483647;
			files = (
			);
			inputPaths = (
			);
			name = "Build Antlr runtime";
			outputPaths = (
			);
			runOnlyForDeploymentPostprocessing = 0;
			shellPath = /bin/sh;
			shellScript = "cd \"$SRCROOT\"/jokr\nbash buildAntlrRuntime.sh";
		};
		24D908591F4F364D001E5C22 /* Run Swiftlint */ = {
			isa = PBXShellScriptBuildPhase;
			buildActionMask = 2147483647;
			files = (
			);
			inputPaths = (
			);
			name = "Run Swiftlint";
			outputPaths = (
			);
			runOnlyForDeploymentPostprocessing = 0;
			shellPath = /bin/sh;
			shellScript = "cd $SRCROOT\nswiftlint";
		};
/* End PBXShellScriptBuildPhase section */

/* Begin PBXSourcesBuildPhase section */
		24A414401F0F20CE0075993D /* Sources */ = {
			isa = PBXSourcesBuildPhase;
			buildActionMask = 2147483647;
			files = (
				24C65CD91F3B838600FCFFF2 /* JKRObjcCompiler.swift in Sources */,
				24C65CE31F3B838600FCFFF2 /* JKRDriver.swift in Sources */,
				246BCC051F19567E004BE84C /* JokrBaseListener.swift in Sources */,
				246BCC191F19567E004BE84C /* main.swift in Sources */,
				246BCC0C1F19567E004BE84C /* JokrListener.swift in Sources */,
				246BCC0A1F19567E004BE84C /* JokrLexerATN.swift in Sources */,
				24C65CD51F3B838600FCFFF2 /* JKRCompiler.swift in Sources */,
				24C65CE11F3B838600FCFFF2 /* JKRAST.swift in Sources */,
				24C65CD31F3B838600FCFFF2 /* JKRAntlrParser.swift in Sources */,
				24C65CDD1F3B838600FCFFF2 /* FunctionListener.swift in Sources */,
				24C65CE51F3B838600FCFFF2 /* JKRParser.swift in Sources */,
				24C65CD71F3B838600FCFFF2 /* JKRJavaCompiler.swift in Sources */,
				24C65CDB1F3B838600FCFFF2 /* Extensions.swift in Sources */,
				24C65CEE1F3B84B400FCFFF2 /* JKRTranslator.swift in Sources */,
				24C65CEB1F3B838600FCFFF2 /* JKRWriter.swift in Sources */,
				24ABAA371F3CA7EB005E22EF /* JKRUtilities.swift in Sources */,
				246BCC071F19567E004BE84C /* JokrLexer.swift in Sources */,
				246BCC101F19567E004BE84C /* JokrParserATN.swift in Sources */,
				24C65CDF1F3B838600FCFFF2 /* Shell.swift in Sources */,
				24C65CE71F3B838600FCFFF2 /* JKRJavaTranslator.swift in Sources */,
				24C65CE91F3B838600FCFFF2 /* JKRObjcTranslator.swift in Sources */,
				24C65CD11F3B838600FCFFF2 /* AntlrToJKR.swift in Sources */,
				246BCC0E1F19567E004BE84C /* JokrParser.swift in Sources */,
			);
			runOnlyForDeploymentPostprocessing = 0;
		};
		24B5F5081F17B7E80045FF6A /* Sources */ = {
			isa = PBXSourcesBuildPhase;
			buildActionMask = 2147483647;
			files = (
				24C65CDC1F3B838600FCFFF2 /* Extensions.swift in Sources */,
				24C037641F4A0DFD00C88FCF /* ObjCAcceptanceTests.swift in Sources */,
				24D61E981F6B15EB00401646 /* JKRParserTests.swift in Sources */,
				246BCC0B1F19567E004BE84C /* JokrLexerATN.swift in Sources */,
				24D61EB11F6B160700401646 /* ASTTests.swift in Sources */,
				24C65CE21F3B838600FCFFF2 /* JKRAST.swift in Sources */,
				2404094A1F47288C00FC2AD4 /* Objc Translator Tests.swift in Sources */,
				2432957D1F46238D00478218 /* AntlrLexerTests.swift in Sources */,
				24C65CE01F3B838600FCFFF2 /* Shell.swift in Sources */,
				24ABAA381F3CA7EB005E22EF /* JKRUtilities.swift in Sources */,
				24C65CD21F3B838600FCFFF2 /* AntlrToJKR.swift in Sources */,
				24C65CD41F3B838600FCFFF2 /* JKRAntlrParser.swift in Sources */,
				24C037601F4A0DFD00C88FCF /* JavaAcceptanceTests.swift in Sources */,
				24C65CE61F3B838600FCFFF2 /* JKRParser.swift in Sources */,
				24C65CD81F3B838600FCFFF2 /* JKRJavaCompiler.swift in Sources */,
				24C65CEC1F3B838600FCFFF2 /* JKRWriter.swift in Sources */,
				243295821F46238D00478218 /* AntlrParserTests.swift in Sources */,
				246BCC0D1F19567E004BE84C /* JokrListener.swift in Sources */,
				248F36501F36610200BCAF0A /* ExtensionsTests.swift in Sources */,
				246BCC111F19567E004BE84C /* JokrParserATN.swift in Sources */,
				24C65CE41F3B838600FCFFF2 /* JKRDriver.swift in Sources */,
				24C65CDE1F3B838600FCFFF2 /* FunctionListener.swift in Sources */,
				246BCC081F19567E004BE84C /* JokrLexer.swift in Sources */,
				24C65CD61F3B838600FCFFF2 /* JKRCompiler.swift in Sources */,
				24D61EB01F6B160200401646 /* AntlrToJokrTests.swift in Sources */,
				24C65CDA1F3B838600FCFFF2 /* JKRObjcCompiler.swift in Sources */,
				246BCC061F19567E004BE84C /* JokrBaseListener.swift in Sources */,
				24C65CE81F3B838600FCFFF2 /* JKRJavaTranslator.swift in Sources */,
				24FAA0D11F369DA90053A6BC /* FunctionListenerTests.swift in Sources */,
				24D61EB21F6B160B00401646 /* Java Translator Tests.swift in Sources */,
				24C65CEA1F3B838600FCFFF2 /* JKRObjcTranslator.swift in Sources */,
				246BCC0F1F19567E004BE84C /* JokrParser.swift in Sources */,
				24C65CEF1F3B84B400FCFFF2 /* JKRTranslator.swift in Sources */,
			);
			runOnlyForDeploymentPostprocessing = 0;
		};
/* End PBXSourcesBuildPhase section */

/* Begin XCBuildConfiguration section */
		24A414491F0F20CE0075993D /* Debug */ = {
			isa = XCBuildConfiguration;
			buildSettings = {
				ALWAYS_SEARCH_USER_PATHS = NO;
				CLANG_ANALYZER_NONNULL = YES;
				CLANG_ANALYZER_NUMBER_OBJECT_CONVERSION = YES_AGGRESSIVE;
				CLANG_CXX_LANGUAGE_STANDARD = "gnu++0x";
				CLANG_CXX_LIBRARY = "libc++";
				CLANG_ENABLE_MODULES = YES;
				CLANG_ENABLE_OBJC_ARC = YES;
				CLANG_WARN_BLOCK_CAPTURE_AUTORELEASING = YES;
				CLANG_WARN_BOOL_CONVERSION = YES;
				CLANG_WARN_COMMA = YES;
				CLANG_WARN_CONSTANT_CONVERSION = YES;
				CLANG_WARN_DIRECT_OBJC_ISA_USAGE = YES_ERROR;
				CLANG_WARN_DOCUMENTATION_COMMENTS = YES;
				CLANG_WARN_EMPTY_BODY = YES;
				CLANG_WARN_ENUM_CONVERSION = YES;
				CLANG_WARN_INFINITE_RECURSION = YES;
				CLANG_WARN_INT_CONVERSION = YES;
				CLANG_WARN_NON_LITERAL_NULL_CONVERSION = YES;
				CLANG_WARN_OBJC_LITERAL_CONVERSION = YES;
				CLANG_WARN_OBJC_ROOT_CLASS = YES_ERROR;
				CLANG_WARN_RANGE_LOOP_ANALYSIS = YES;
				CLANG_WARN_STRICT_PROTOTYPES = YES;
				CLANG_WARN_SUSPICIOUS_MOVE = YES;
				CLANG_WARN_UNREACHABLE_CODE = YES;
				CLANG_WARN__DUPLICATE_METHOD_MATCH = YES;
				CODE_SIGN_IDENTITY = "-";
				COPY_PHASE_STRIP = NO;
				DEBUG_INFORMATION_FORMAT = dwarf;
				ENABLE_STRICT_OBJC_MSGSEND = YES;
				ENABLE_TESTABILITY = YES;
				GCC_C_LANGUAGE_STANDARD = gnu99;
				GCC_DYNAMIC_NO_PIC = NO;
				GCC_NO_COMMON_BLOCKS = YES;
				GCC_OPTIMIZATION_LEVEL = 0;
				GCC_PREPROCESSOR_DEFINITIONS = (
					"DEBUG=1",
					"$(inherited)",
				);
				GCC_WARN_64_TO_32_BIT_CONVERSION = YES;
				GCC_WARN_ABOUT_RETURN_TYPE = YES_ERROR;
				GCC_WARN_UNDECLARED_SELECTOR = YES;
				GCC_WARN_UNINITIALIZED_AUTOS = YES_AGGRESSIVE;
				GCC_WARN_UNUSED_FUNCTION = YES;
				GCC_WARN_UNUSED_VARIABLE = YES;
				MACOSX_DEPLOYMENT_TARGET = 10.12;
				MTL_ENABLE_DEBUG_INFO = YES;
				ONLY_ACTIVE_ARCH = YES;
				SDKROOT = macosx;
				SWIFT_OPTIMIZATION_LEVEL = "-Onone";
			};
			name = Debug;
		};
		24A4144A1F0F20CE0075993D /* Release */ = {
			isa = XCBuildConfiguration;
			buildSettings = {
				ALWAYS_SEARCH_USER_PATHS = NO;
				CLANG_ANALYZER_NONNULL = YES;
				CLANG_ANALYZER_NUMBER_OBJECT_CONVERSION = YES_AGGRESSIVE;
				CLANG_CXX_LANGUAGE_STANDARD = "gnu++0x";
				CLANG_CXX_LIBRARY = "libc++";
				CLANG_ENABLE_MODULES = YES;
				CLANG_ENABLE_OBJC_ARC = YES;
				CLANG_WARN_BLOCK_CAPTURE_AUTORELEASING = YES;
				CLANG_WARN_BOOL_CONVERSION = YES;
				CLANG_WARN_COMMA = YES;
				CLANG_WARN_CONSTANT_CONVERSION = YES;
				CLANG_WARN_DIRECT_OBJC_ISA_USAGE = YES_ERROR;
				CLANG_WARN_DOCUMENTATION_COMMENTS = YES;
				CLANG_WARN_EMPTY_BODY = YES;
				CLANG_WARN_ENUM_CONVERSION = YES;
				CLANG_WARN_INFINITE_RECURSION = YES;
				CLANG_WARN_INT_CONVERSION = YES;
				CLANG_WARN_NON_LITERAL_NULL_CONVERSION = YES;
				CLANG_WARN_OBJC_LITERAL_CONVERSION = YES;
				CLANG_WARN_OBJC_ROOT_CLASS = YES_ERROR;
				CLANG_WARN_RANGE_LOOP_ANALYSIS = YES;
				CLANG_WARN_STRICT_PROTOTYPES = YES;
				CLANG_WARN_SUSPICIOUS_MOVE = YES;
				CLANG_WARN_UNREACHABLE_CODE = YES;
				CLANG_WARN__DUPLICATE_METHOD_MATCH = YES;
				CODE_SIGN_IDENTITY = "-";
				COPY_PHASE_STRIP = NO;
				DEBUG_INFORMATION_FORMAT = "dwarf-with-dsym";
				ENABLE_NS_ASSERTIONS = NO;
				ENABLE_STRICT_OBJC_MSGSEND = YES;
				GCC_C_LANGUAGE_STANDARD = gnu99;
				GCC_NO_COMMON_BLOCKS = YES;
				GCC_WARN_64_TO_32_BIT_CONVERSION = YES;
				GCC_WARN_ABOUT_RETURN_TYPE = YES_ERROR;
				GCC_WARN_UNDECLARED_SELECTOR = YES;
				GCC_WARN_UNINITIALIZED_AUTOS = YES_AGGRESSIVE;
				GCC_WARN_UNUSED_FUNCTION = YES;
				GCC_WARN_UNUSED_VARIABLE = YES;
				MACOSX_DEPLOYMENT_TARGET = 10.12;
				MTL_ENABLE_DEBUG_INFO = NO;
				SDKROOT = macosx;
				SWIFT_OPTIMIZATION_LEVEL = "-Owholemodule";
			};
			name = Release;
		};
		24A4144C1F0F20CE0075993D /* Debug */ = {
			isa = XCBuildConfiguration;
			buildSettings = {
				DEVELOPMENT_TEAM = HHT774898M;
				LIBRARY_SEARCH_PATHS = (
					"$(inherited)",
					"$(PROJECT_DIR)/antlr4-master/runtime/Swift/.build/debug",
				);
				PRODUCT_NAME = "$(TARGET_NAME)";
				SWIFT_ENFORCE_EXCLUSIVE_ACCESS = "compile-time";
				SWIFT_INCLUDE_PATHS = "\"$(SRCROOT)/antlr4-master/runtime/Swift/.build/debug\"";
				SWIFT_SWIFT3_OBJC_INFERENCE = Default;
				SWIFT_VERSION = 4.0;
			};
			name = Debug;
		};
		24A4144D1F0F20CE0075993D /* Release */ = {
			isa = XCBuildConfiguration;
			buildSettings = {
				DEVELOPMENT_TEAM = HHT774898M;
				LIBRARY_SEARCH_PATHS = (
					"$(inherited)",
					"$(PROJECT_DIR)/antlr4-master/runtime/Swift/.build/debug",
				);
				PRODUCT_NAME = "$(TARGET_NAME)";
				SWIFT_ENFORCE_EXCLUSIVE_ACCESS = "compile-time";
				SWIFT_INCLUDE_PATHS = "\"$(SRCROOT)/antlr4-master/runtime/Swift/.build/debug\"";
				SWIFT_SWIFT3_OBJC_INFERENCE = Default;
				SWIFT_VERSION = 4.0;
			};
			name = Release;
		};
		24B5F5121F17B7E80045FF6A /* Debug */ = {
			isa = XCBuildConfiguration;
			buildSettings = {
				COMBINE_HIDPI_IMAGES = YES;
				DEVELOPMENT_TEAM = HHT774898M;
				INFOPLIST_FILE = "tests/Unit Tests/Info.plist";
				LD_RUNPATH_SEARCH_PATHS = "$(inherited) @executable_path/../Frameworks @loader_path/../Frameworks";
				LIBRARY_SEARCH_PATHS = (
					"$(inherited)",
					"$(PROJECT_DIR)/antlr4-master/runtime/Swift/.build/debug",
				);
				PRODUCT_BUNDLE_IDENTIFIER = com.vinivendra.jokrUnitTests;
				PRODUCT_NAME = "$(TARGET_NAME)";
				SWIFT_ACTIVE_COMPILATION_CONDITIONS = DEBUG;
				SWIFT_INCLUDE_PATHS = "\"$(SRCROOT)/antlr4-master/runtime/Swift/.build/debug\"";
				SWIFT_SWIFT3_OBJC_INFERENCE = Default;
				SWIFT_VERSION = 4.0;
			};
			name = Debug;
		};
		24B5F5131F17B7E80045FF6A /* Release */ = {
			isa = XCBuildConfiguration;
			buildSettings = {
				COMBINE_HIDPI_IMAGES = YES;
				DEVELOPMENT_TEAM = HHT774898M;
				INFOPLIST_FILE = "tests/Unit Tests/Info.plist";
				LD_RUNPATH_SEARCH_PATHS = "$(inherited) @executable_path/../Frameworks @loader_path/../Frameworks";
				LIBRARY_SEARCH_PATHS = (
					"$(inherited)",
					"$(PROJECT_DIR)/antlr4-master/runtime/Swift/.build/debug",
				);
				PRODUCT_BUNDLE_IDENTIFIER = com.vinivendra.jokrUnitTests;
				PRODUCT_NAME = "$(TARGET_NAME)";
				SWIFT_INCLUDE_PATHS = "\"$(SRCROOT)/antlr4-master/runtime/Swift/.build/debug\"";
				SWIFT_OPTIMIZATION_LEVEL = "-Owholemodule";
				SWIFT_SWIFT3_OBJC_INFERENCE = Default;
				SWIFT_VERSION = 4.0;
			};
			name = Release;
		};
/* End XCBuildConfiguration section */

/* Begin XCConfigurationList section */
		24A4143F1F0F20CE0075993D /* Build configuration list for PBXProject "jokr" */ = {
			isa = XCConfigurationList;
			buildConfigurations = (
				24A414491F0F20CE0075993D /* Debug */,
				24A4144A1F0F20CE0075993D /* Release */,
			);
			defaultConfigurationIsVisible = 0;
			defaultConfigurationName = Release;
		};
		24A4144B1F0F20CE0075993D /* Build configuration list for PBXNativeTarget "jokr" */ = {
			isa = XCConfigurationList;
			buildConfigurations = (
				24A4144C1F0F20CE0075993D /* Debug */,
				24A4144D1F0F20CE0075993D /* Release */,
			);
			defaultConfigurationIsVisible = 0;
			defaultConfigurationName = Release;
		};
		24B5F5111F17B7E80045FF6A /* Build configuration list for PBXNativeTarget "jokrUnitTests" */ = {
			isa = XCConfigurationList;
			buildConfigurations = (
				24B5F5121F17B7E80045FF6A /* Debug */,
				24B5F5131F17B7E80045FF6A /* Release */,
			);
			defaultConfigurationIsVisible = 0;
			defaultConfigurationName = Release;
		};
/* End XCConfigurationList section */
	};
	rootObject = 24A4143C1F0F20CE0075993D /* Project object */;
}
